
Microsoft Visual Studio Solution File, Format Version 12.00
# Visual Studio Version 16
VisualStudioVersion = 16.0.31005.135
MinimumVisualStudioVersion = 10.0.40219.1
Project("{9A19103F-16F7-4668-BE54-9A1E7A4F7556}") = "IM_Core", "IM_Core.csproj", "{DEB368FF-DFD0-4AE6-919C-F68930E41E58}"
EndProject
Global
	GlobalSection(SolutionConfigurationPlatforms) = preSolution
		Debug|Any CPU = Debug|Any CPU
		Release|Any CPU = Release|Any CPU
	EndGlobalSection
	GlobalSection(ProjectConfigurationPlatforms) = postSolution
		{DEB368FF-DFD0-4AE6-919C-F68930E41E58}.Debug|Any CPU.ActiveCfg = Debug|Any CPU
		{DEB368FF-DFD0-4AE6-919C-F68930E41E58}.Debug|Any CPU.Build.0 = Debug|Any CPU
		{DEB368FF-DFD0-4AE6-919C-F68930E41E58}.Release|Any CPU.ActiveCfg = Release|Any CPU
		{DEB368FF-DFD0-4AE6-919C-F68930E41E58}.Release|Any CPU.Build.0 = Release|Any CPU
	EndGlobalSection
	GlobalSection(SolutionProperties) = preSolution
		HideSolutionNode = FALSE
	EndGlobalSection
	GlobalSection(ExtensibilityGlobals) = postSolution
		SolutionGuid = {CC0DCC42-DE45-42EF-A7F5-2286A8D24401}
	EndGlobalSection
EndGlobal
